
Microsoft Visual Studio Solution File, Format Version 12.00
# Visual Studio Version 16
VisualStudioVersion = 16.0.31605.320
MinimumVisualStudioVersion = 10.0.40219.1
Project("{FAE04EC0-301F-11D3-BF4B-00C04F79EFBC}") = "AK_Industry", "AK_Industry.csproj", "{055C1647-B298-4538-8BD3-20E3EA9E9396}"
EndProject
Global
	GlobalSection(SolutionConfigurationPlatforms) = preSolution
		Debug|Any CPU = Debug|Any CPU
		Release|Any CPU = Release|Any CPU
	EndGlobalSection
	GlobalSection(ProjectConfigurationPlatforms) = postSolution
		{055C1647-B298-4538-8BD3-20E3EA9E9396}.Debug|Any CPU.ActiveCfg = Debug|Any CPU
		{055C1647-B298-4538-8BD3-20E3EA9E9396}.Debug|Any CPU.Build.0 = Debug|Any CPU
		{055C1647-B298-4538-8BD3-20E3EA9E9396}.Release|Any CPU.ActiveCfg = Release|Any CPU
		{055C1647-B298-4538-8BD3-20E3EA9E9396}.Release|Any CPU.Build.0 = Release|Any CPU
	EndGlobalSection
	GlobalSection(SolutionProperties) = preSolution
		HideSolutionNode = FALSE
	EndGlobalSection
	GlobalSection(ExtensibilityGlobals) = postSolution
		SolutionGuid = {2C15B9E4-6829-476F-8178-B93E55FB5FE9}
	EndGlobalSection
EndGlobal
